Microsoft Visual Studio Solution File, Format Version 12.00
# Visual Studio Version 17
VisualStudioVersion = 17.5.2.0
MinimumVisualStudioVersion = 10.0.40219.1
Project("{FAE04EC0-301F-11D3-BF4B-00C04F79EFBC}") = "RealWorld", "RealWorld.csproj", "{DAA9D5FE-44EC-BB7A-DAA1-7A3263E1F67B}"
EndProject
Global
	GlobalSection(SolutionConfigurationPlatforms) = preSolution
		Debug|Any CPU = Debug|Any CPU
		Release|Any CPU = Release|Any CPU
	EndGlobalSection
	GlobalSection(ProjectConfigurationPlatforms) = postSolution
		{DAA9D5FE-44EC-BB7A-DAA1-7A3263E1F67B}.Debug|Any CPU.ActiveCfg = Debug|Any CPU
		{DAA9D5FE-44EC-BB7A-DAA1-7A3263E1F67B}.Debug|Any CPU.Build.0 = Debug|Any CPU
		{DAA9D5FE-44EC-BB7A-DAA1-7A3263E1F67B}.Release|Any CPU.ActiveCfg = Release|Any CPU
		{DAA9D5FE-44EC-BB7A-DAA1-7A3263E1F67B}.Release|Any CPU.Build.0 = Release|Any CPU
	EndGlobalSection
	GlobalSection(SolutionProperties) = preSolution
		HideSolutionNode = FALSE
	EndGlobalSection
	GlobalSection(ExtensibilityGlobals) = postSolution
		SolutionGuid = {258DF45B-306F-4FD8-B447-D811945BE42B}
	EndGlobalSection
EndGlobal
